// !$*UTF8*$!
{
	archiveVersion = 1;
	classes = {
	};
	objectVersion = 46;
	objects = {

/* Begin PBXBuildFile section */
		CA051B5C18035F4000EAF584 /* SessionManager.m in Sources */ = {isa = PBXBuildFile; fileRef = CA051B5B18035F4000EAF584 /* SessionManager.m */; };
		CA2772C217F9AC0E0021E507 /* KCKittyManager.m in Sources */ = {isa = PBXBuildFile; fileRef = CA2772C117F9AC0E0021E507 /* KCKittyManager.m */; };
		CAA5E59C17F9D18D0071D08B /* KCKittyUserCell.m in Sources */ = {isa = PBXBuildFile; fileRef = CAA5E59B17F9D18D0071D08B /* KCKittyUserCell.m */; };
		CAB89C7818053AE400C75632 /* MBProgressHUD.m in Sources */ = {isa = PBXBuildFile; fileRef = CAB89C7718053AE400C75632 /* MBProgressHUD.m */; };
		CAB89C8C18053AF100C75632 /* AFHTTPRequestOperation.m in Sources */ = {isa = PBXBuildFile; fileRef = CAB89C7A18053AF100C75632 /* AFHTTPRequestOperation.m */; };
		CAB89C8D18053AF100C75632 /* AFHTTPRequestOperationManager.m in Sources */ = {isa = PBXBuildFile; fileRef = CAB89C7C18053AF100C75632 /* AFHTTPRequestOperationManager.m */; };
		CAB89C8E18053AF100C75632 /* AFHTTPSessionManager.m in Sources */ = {isa = PBXBuildFile; fileRef = CAB89C7E18053AF100C75632 /* AFHTTPSessionManager.m */; };
		CAB89C8F18053AF100C75632 /* AFNetworkReachabilityManager.m in Sources */ = {isa = PBXBuildFile; fileRef = CAB89C8118053AF100C75632 /* AFNetworkReachabilityManager.m */; };
		CAB89C9018053AF100C75632 /* AFSecurityPolicy.m in Sources */ = {isa = PBXBuildFile; fileRef = CAB89C8318053AF100C75632 /* AFSecurityPolicy.m */; };
		CAB89C9118053AF100C75632 /* AFURLConnectionOperation.m in Sources */ = {isa = PBXBuildFile; fileRef = CAB89C8518053AF100C75632 /* AFURLConnectionOperation.m */; };
		CAB89C9218053AF100C75632 /* AFURLRequestSerialization.m in Sources */ = {isa = PBXBuildFile; fileRef = CAB89C8718053AF100C75632 /* AFURLRequestSerialization.m */; };
		CAB89C9318053AF100C75632 /* AFURLResponseSerialization.m in Sources */ = {isa = PBXBuildFile; fileRef = CAB89C8918053AF100C75632 /* AFURLResponseSerialization.m */; };
		CAB89C9418053AF100C75632 /* AFURLSessionManager.m in Sources */ = {isa = PBXBuildFile; fileRef = CAB89C8B18053AF100C75632 /* AFURLSessionManager.m */; };
		CABCD0B31805B610005E17AD /* Main.storyboard in Resources */ = {isa = PBXBuildFile; fileRef = CABCD0B11805B610005E17AD /* Main.storyboard */; };
		F48A671017F377ED00E5C76F /* AVFoundation.framework in Frameworks */ = {isa = PBXBuildFile; fileRef = F48A670F17F377ED00E5C76F /* AVFoundation.framework */; };
		F48A671217F377F600E5C76F /* CoreMedia.framework in Frameworks */ = {isa = PBXBuildFile; fileRef = F48A671117F377F600E5C76F /* CoreMedia.framework */; };
		F48A671417F377FE00E5C76F /* CoreVideo.framework in Frameworks */ = {isa = PBXBuildFile; fileRef = F48A671317F377FE00E5C76F /* CoreVideo.framework */; };
		F48A671617F3780600E5C76F /* QuartzCore.framework in Frameworks */ = {isa = PBXBuildFile; fileRef = F48A671517F3780600E5C76F /* QuartzCore.framework */; };
		F48A671817F3781400E5C76F /* libiconv.dylib in Frameworks */ = {isa = PBXBuildFile; fileRef = F48A671717F3781300E5C76F /* libiconv.dylib */; };
		F48A671E17F389C300E5C76F /* KCAddKittyViewController.m in Sources */ = {isa = PBXBuildFile; fileRef = F48A671D17F389C300E5C76F /* KCAddKittyViewController.m */; };
		F494D1DF17F3692700B7F1CA /* Foundation.framework in Frameworks */ = {isa = PBXBuildFile; fileRef = F494D1DE17F3692700B7F1CA /* Foundation.framework */; };
		F494D1E117F3692700B7F1CA /* CoreGraphics.framework in Frameworks */ = {isa = PBXBuildFile; fileRef = F494D1E017F3692700B7F1CA /* CoreGraphics.framework */; };
		F494D1E317F3692700B7F1CA /* UIKit.framework in Frameworks */ = {isa = PBXBuildFile; fileRef = F494D1E217F3692700B7F1CA /* UIKit.framework */; };
		F494D1EB17F3692700B7F1CA /* main.m in Sources */ = {isa = PBXBuildFile; fileRef = F494D1EA17F3692700B7F1CA /* main.m */; };
		F494D1EF17F3692700B7F1CA /* KCAppDelegate.m in Sources */ = {isa = PBXBuildFile; fileRef = F494D1EE17F3692700B7F1CA /* KCAppDelegate.m */; };
		F494D1F517F3692700B7F1CA /* KCScanViewController.m in Sources */ = {isa = PBXBuildFile; fileRef = F494D1F417F3692700B7F1CA /* KCScanViewController.m */; };
		F494D1F717F3692700B7F1CA /* Images.xcassets in Resources */ = {isa = PBXBuildFile; fileRef = F494D1F617F3692700B7F1CA /* Images.xcassets */; };
		F494D1FE17F3692700B7F1CA /* XCTest.framework in Frameworks */ = {isa = PBXBuildFile; fileRef = F494D1FD17F3692700B7F1CA /* XCTest.framework */; };
		F494D1FF17F3692700B7F1CA /* Foundation.framework in Frameworks */ = {isa = PBXBuildFile; fileRef = F494D1DE17F3692700B7F1CA /* Foundation.framework */; };
		F494D20017F3692700B7F1CA /* UIKit.framework in Frameworks */ = {isa = PBXBuildFile; fileRef = F494D1E217F3692700B7F1CA /* UIKit.framework */; };
		F494D20A17F3692700B7F1CA /* KittyClientTests.m in Sources */ = {isa = PBXBuildFile; fileRef = F494D20917F3692700B7F1CA /* KittyClientTests.m */; };
		F4A0CCDD17F5D1B000E8FB53 /* KCKittyUserTableViewController.m in Sources */ = {isa = PBXBuildFile; fileRef = F4A0CCDC17F5D1B000E8FB53 /* KCKittyUserTableViewController.m */; };
		F4A0CCF417F6252700E8FB53 /* KCKittyDrinkTableViewController.m in Sources */ = {isa = PBXBuildFile; fileRef = F4A0CCF317F6252700E8FB53 /* KCKittyDrinkTableViewController.m */; };
		F4A0CCF717F6258C00E8FB53 /* KCKittyDrinkCell.m in Sources */ = {isa = PBXBuildFile; fileRef = F4A0CCF617F6258C00E8FB53 /* KCKittyDrinkCell.m */; };
		F4B7215817F4E0D8008C9E36 /* KCKittyTableViewController.m in Sources */ = {isa = PBXBuildFile; fileRef = F4B7215717F4E0D8008C9E36 /* KCKittyTableViewController.m */; };
/* End PBXBuildFile section */

/* Begin PBXContainerItemProxy section */
		F494D20117F3692700B7F1CA /* PBXContainerItemProxy */ = {
			isa = PBXContainerItemProxy;
			containerPortal = F494D1D317F3692700B7F1CA /* Project object */;
			proxyType = 1;
			remoteGlobalIDString = F494D1DA17F3692700B7F1CA;
			remoteInfo = KittyClient;
		};
/* End PBXContainerItemProxy section */

/* Begin PBXFileReference section */
		CA051B5A18035F4000EAF584 /* SessionManager.h */ = {isa = PBXFileReference; fileEncoding = 4; lastKnownFileType = sourcecode.c.h; path = SessionManager.h; sourceTree = "<group>"; };
		CA051B5B18035F4000EAF584 /* SessionManager.m */ = {isa = PBXFileReference; fileEncoding = 4; lastKnownFileType = sourcecode.c.objc; path = SessionManager.m; sourceTree = "<group>"; };
		CA2772C017F9AC0E0021E507 /* KCKittyManager.h */ = {isa = PBXFileReference; fileEncoding = 4; lastKnownFileType = sourcecode.c.h; path = KCKittyManager.h; sourceTree = "<group>"; };
		CA2772C117F9AC0E0021E507 /* KCKittyManager.m */ = {isa = PBXFileReference; fileEncoding = 4; lastKnownFileType = sourcecode.c.objc; path = KCKittyManager.m; sourceTree = "<group>"; };
		CA74265B1805B6700099ABC5 /* de */ = {isa = PBXFileReference; lastKnownFileType = file.storyboard; name = de; path = de.lproj/Main.storyboard; sourceTree = "<group>"; };
		CAA5E59A17F9D18D0071D08B /* KCKittyUserCell.h */ = {isa = PBXFileReference; fileEncoding = 4; lastKnownFileType = sourcecode.c.h; path = KCKittyUserCell.h; sourceTree = "<group>"; };
		CAA5E59B17F9D18D0071D08B /* KCKittyUserCell.m */ = {isa = PBXFileReference; fileEncoding = 4; lastKnownFileType = sourcecode.c.objc; path = KCKittyUserCell.m; sourceTree = "<group>"; };
		CAB89C7618053AE400C75632 /* MBProgressHUD.h */ = {isa = PBXFileReference; fileEncoding = 4; lastKnownFileType = sourcecode.c.h; name = MBProgressHUD.h; path = External/MBProgressHUD/MBProgressHUD.h; sourceTree = "<group>"; };
		CAB89C7718053AE400C75632 /* MBProgressHUD.m */ = {isa = PBXFileReference; fileEncoding = 4; lastKnownFileType = sourcecode.c.objc; name = MBProgressHUD.m; path = External/MBProgressHUD/MBProgressHUD.m; sourceTree = "<group>"; };
		CAB89C7918053AF100C75632 /* AFHTTPRequestOperation.h */ = {isa = PBXFileReference; fileEncoding = 4; lastKnownFileType = sourcecode.c.h; name = AFHTTPRequestOperation.h; path = External/AFNetworking/AFNetworking/AFHTTPRequestOperation.h; sourceTree = "<group>"; };
		CAB89C7A18053AF100C75632 /* AFHTTPRequestOperation.m */ = {isa = PBXFileReference; fileEncoding = 4; lastKnownFileType = sourcecode.c.objc; name = AFHTTPRequestOperation.m; path = External/AFNetworking/AFNetworking/AFHTTPRequestOperation.m; sourceTree = "<group>"; };
		CAB89C7B18053AF100C75632 /* AFHTTPRequestOperationManager.h */ = {isa = PBXFileReference; fileEncoding = 4; lastKnownFileType = sourcecode.c.h; name = AFHTTPRequestOperationManager.h; path = External/AFNetworking/AFNetworking/AFHTTPRequestOperationManager.h; sourceTree = "<group>"; };
		CAB89C7C18053AF100C75632 /* AFHTTPRequestOperationManager.m */ = {isa = PBXFileReference; fileEncoding = 4; lastKnownFileType = sourcecode.c.objc; name = AFHTTPRequestOperationManager.m; path = External/AFNetworking/AFNetworking/AFHTTPRequestOperationManager.m; sourceTree = "<group>"; };
		CAB89C7D18053AF100C75632 /* AFHTTPSessionManager.h */ = {isa = PBXFileReference; fileEncoding = 4; lastKnownFileType = sourcecode.c.h; name = AFHTTPSessionManager.h; path = External/AFNetworking/AFNetworking/AFHTTPSessionManager.h; sourceTree = "<group>"; };
		CAB89C7E18053AF100C75632 /* AFHTTPSessionManager.m */ = {isa = PBXFileReference; fileEncoding = 4; lastKnownFileType = sourcecode.c.objc; name = AFHTTPSessionManager.m; path = External/AFNetworking/AFNetworking/AFHTTPSessionManager.m; sourceTree = "<group>"; };
		CAB89C7F18053AF100C75632 /* AFNetworking.h */ = {isa = PBXFileReference; fileEncoding = 4; lastKnownFileType = sourcecode.c.h; name = AFNetworking.h; path = External/AFNetworking/AFNetworking/AFNetworking.h; sourceTree = "<group>"; };
		CAB89C8018053AF100C75632 /* AFNetworkReachabilityManager.h */ = {isa = PBXFileReference; fileEncoding = 4; lastKnownFileType = sourcecode.c.h; name = AFNetworkReachabilityManager.h; path = External/AFNetworking/AFNetworking/AFNetworkReachabilityManager.h; sourceTree = "<group>"; };
		CAB89C8118053AF100C75632 /* AFNetworkReachabilityManager.m */ = {isa = PBXFileReference; fileEncoding = 4; lastKnownFileType = sourcecode.c.objc; name = AFNetworkReachabilityManager.m; path = External/AFNetworking/AFNetworking/AFNetworkReachabilityManager.m; sourceTree = "<group>"; };
		CAB89C8218053AF100C75632 /* AFSecurityPolicy.h */ = {isa = PBXFileReference; fileEncoding = 4; lastKnownFileType = sourcecode.c.h; name = AFSecurityPolicy.h; path = External/AFNetworking/AFNetworking/AFSecurityPolicy.h; sourceTree = "<group>"; };
		CAB89C8318053AF100C75632 /* AFSecurityPolicy.m */ = {isa = PBXFileReference; fileEncoding = 4; lastKnownFileType = sourcecode.c.objc; name = AFSecurityPolicy.m; path = External/AFNetworking/AFNetworking/AFSecurityPolicy.m; sourceTree = "<group>"; };
		CAB89C8418053AF100C75632 /* AFURLConnectionOperation.h */ = {isa = PBXFileReference; fileEncoding = 4; lastKnownFileType = sourcecode.c.h; name = AFURLConnectionOperation.h; path = External/AFNetworking/AFNetworking/AFURLConnectionOperation.h; sourceTree = "<group>"; };
		CAB89C8518053AF100C75632 /* AFURLConnectionOperation.m */ = {isa = PBXFileReference; fileEncoding = 4; lastKnownFileType = sourcecode.c.objc; name = AFURLConnectionOperation.m; path = External/AFNetworking/AFNetworking/AFURLConnectionOperation.m; sourceTree = "<group>"; };
		CAB89C8618053AF100C75632 /* AFURLRequestSerialization.h */ = {isa = PBXFileReference; fileEncoding = 4; lastKnownFileType = sourcecode.c.h; name = AFURLRequestSerialization.h; path = External/AFNetworking/AFNetworking/AFURLRequestSerialization.h; sourceTree = "<group>"; };
		CAB89C8718053AF100C75632 /* AFURLRequestSerialization.m */ = {isa = PBXFileReference; fileEncoding = 4; lastKnownFileType = sourcecode.c.objc; name = AFURLRequestSerialization.m; path = External/AFNetworking/AFNetworking/AFURLRequestSerialization.m; sourceTree = "<group>"; };
		CAB89C8818053AF100C75632 /* AFURLResponseSerialization.h */ = {isa = PBXFileReference; fileEncoding = 4; lastKnownFileType = sourcecode.c.h; name = AFURLResponseSerialization.h; path = External/AFNetworking/AFNetworking/AFURLResponseSerialization.h; sourceTree = "<group>"; };
		CAB89C8918053AF100C75632 /* AFURLResponseSerialization.m */ = {isa = PBXFileReference; fileEncoding = 4; lastKnownFileType = sourcecode.c.objc; name = AFURLResponseSerialization.m; path = External/AFNetworking/AFNetworking/AFURLResponseSerialization.m; sourceTree = "<group>"; };
		CAB89C8A18053AF100C75632 /* AFURLSessionManager.h */ = {isa = PBXFileReference; fileEncoding = 4; lastKnownFileType = sourcecode.c.h; name = AFURLSessionManager.h; path = External/AFNetworking/AFNetworking/AFURLSessionManager.h; sourceTree = "<group>"; };
		CAB89C8B18053AF100C75632 /* AFURLSessionManager.m */ = {isa = PBXFileReference; fileEncoding = 4; lastKnownFileType = sourcecode.c.objc; name = AFURLSessionManager.m; path = External/AFNetworking/AFNetworking/AFURLSessionManager.m; sourceTree = "<group>"; };
		F48A670F17F377ED00E5C76F /* AVFoundation.framework */ = {isa = PBXFileReference; lastKnownFileType = wrapper.framework; name = AVFoundation.framework; path = System/Library/Frameworks/AVFoundation.framework; sourceTree = SDKROOT; };
		F48A671117F377F600E5C76F /* CoreMedia.framework */ = {isa = PBXFileReference; lastKnownFileType = wrapper.framework; name = CoreMedia.framework; path = System/Library/Frameworks/CoreMedia.framework; sourceTree = SDKROOT; };
		F48A671317F377FE00E5C76F /* CoreVideo.framework */ = {isa = PBXFileReference; lastKnownFileType = wrapper.framework; name = CoreVideo.framework; path = System/Library/Frameworks/CoreVideo.framework; sourceTree = SDKROOT; };
		F48A671517F3780600E5C76F /* QuartzCore.framework */ = {isa = PBXFileReference; lastKnownFileType = wrapper.framework; name = QuartzCore.framework; path = System/Library/Frameworks/QuartzCore.framework; sourceTree = SDKROOT; };
		F48A671717F3781300E5C76F /* libiconv.dylib */ = {isa = PBXFileReference; lastKnownFileType = "compiled.mach-o.dylib"; name = libiconv.dylib; path = usr/lib/libiconv.dylib; sourceTree = SDKROOT; };
		F48A671C17F389C300E5C76F /* KCAddKittyViewController.h */ = {isa = PBXFileReference; fileEncoding = 4; lastKnownFileType = sourcecode.c.h; path = KCAddKittyViewController.h; sourceTree = "<group>"; };
		F48A671D17F389C300E5C76F /* KCAddKittyViewController.m */ = {isa = PBXFileReference; fileEncoding = 4; lastKnownFileType = sourcecode.c.objc; path = KCAddKittyViewController.m; sourceTree = "<group>"; };
		F494D1DB17F3692700B7F1CA /* KittyClient.app */ = {isa = PBXFileReference; explicitFileType = wrapper.application; includeInIndex = 0; path = KittyClient.app; sourceTree = BUILT_PRODUCTS_DIR; };
		F494D1DE17F3692700B7F1CA /* Foundation.framework */ = {isa = PBXFileReference; lastKnownFileType = wrapper.framework; name = Foundation.framework; path = System/Library/Frameworks/Foundation.framework; sourceTree = SDKROOT; };
		F494D1E017F3692700B7F1CA /* CoreGraphics.framework */ = {isa = PBXFileReference; lastKnownFileType = wrapper.framework; name = CoreGraphics.framework; path = System/Library/Frameworks/CoreGraphics.framework; sourceTree = SDKROOT; };
		F494D1E217F3692700B7F1CA /* UIKit.framework */ = {isa = PBXFileReference; lastKnownFileType = wrapper.framework; name = UIKit.framework; path = System/Library/Frameworks/UIKit.framework; sourceTree = SDKROOT; };
		F494D1E617F3692700B7F1CA /* KittyClient-Info.plist */ = {isa = PBXFileReference; lastKnownFileType = text.plist.xml; path = "KittyClient-Info.plist"; sourceTree = "<group>"; };
		F494D1EA17F3692700B7F1CA /* main.m */ = {isa = PBXFileReference; lastKnownFileType = sourcecode.c.objc; path = main.m; sourceTree = "<group>"; };
		F494D1EC17F3692700B7F1CA /* KittyClient-Prefix.pch */ = {isa = PBXFileReference; lastKnownFileType = sourcecode.c.h; path = "KittyClient-Prefix.pch"; sourceTree = "<group>"; };
		F494D1ED17F3692700B7F1CA /* KCAppDelegate.h */ = {isa = PBXFileReference; lastKnownFileType = sourcecode.c.h; path = KCAppDelegate.h; sourceTree = "<group>"; };
		F494D1EE17F3692700B7F1CA /* KCAppDelegate.m */ = {isa = PBXFileReference; lastKnownFileType = sourcecode.c.objc; path = KCAppDelegate.m; sourceTree = "<group>"; };
		F494D1F317F3692700B7F1CA /* KCScanViewController.h */ = {isa = PBXFileReference; lastKnownFileType = sourcecode.c.h; path = KCScanViewController.h; sourceTree = "<group>"; };
		F494D1F417F3692700B7F1CA /* KCScanViewController.m */ = {isa = PBXFileReference; lastKnownFileType = sourcecode.c.objc; path = KCScanViewController.m; sourceTree = "<group>"; };
		F494D1F617F3692700B7F1CA /* Images.xcassets */ = {isa = PBXFileReference; lastKnownFileType = folder.assetcatalog; path = Images.xcassets; sourceTree = "<group>"; };
		F494D1FC17F3692700B7F1CA /* KittyClientTests.xctest */ = {isa = PBXFileReference; explicitFileType = wrapper.cfbundle; includeInIndex = 0; path = KittyClientTests.xctest; sourceTree = BUILT_PRODUCTS_DIR; };
		F494D1FD17F3692700B7F1CA /* XCTest.framework */ = {isa = PBXFileReference; lastKnownFileType = wrapper.framework; name = XCTest.framework; path = Library/Frameworks/XCTest.framework; sourceTree = DEVELOPER_DIR; };
		F494D20517F3692700B7F1CA /* KittyClientTests-Info.plist */ = {isa = PBXFileReference; lastKnownFileType = text.plist.xml; path = "KittyClientTests-Info.plist"; sourceTree = "<group>"; };
		F494D20917F3692700B7F1CA /* KittyClientTests.m */ = {isa = PBXFileReference; lastKnownFileType = sourcecode.c.objc; path = KittyClientTests.m; sourceTree = "<group>"; };
		F4A0CCDB17F5D1B000E8FB53 /* KCKittyUserTableViewController.h */ = {isa = PBXFileReference; fileEncoding = 4; lastKnownFileType = sourcecode.c.h; path = KCKittyUserTableViewController.h; sourceTree = "<group>"; };
		F4A0CCDC17F5D1B000E8FB53 /* KCKittyUserTableViewController.m */ = {isa = PBXFileReference; fileEncoding = 4; lastKnownFileType = sourcecode.c.objc; path = KCKittyUserTableViewController.m; sourceTree = "<group>"; };
		F4A0CCF217F6252700E8FB53 /* KCKittyDrinkTableViewController.h */ = {isa = PBXFileReference; fileEncoding = 4; lastKnownFileType = sourcecode.c.h; path = KCKittyDrinkTableViewController.h; sourceTree = "<group>"; };
		F4A0CCF317F6252700E8FB53 /* KCKittyDrinkTableViewController.m */ = {isa = PBXFileReference; fileEncoding = 4; lastKnownFileType = sourcecode.c.objc; path = KCKittyDrinkTableViewController.m; sourceTree = "<group>"; };
		F4A0CCF517F6258C00E8FB53 /* KCKittyDrinkCell.h */ = {isa = PBXFileReference; fileEncoding = 4; lastKnownFileType = sourcecode.c.h; path = KCKittyDrinkCell.h; sourceTree = "<group>"; };
		F4A0CCF617F6258C00E8FB53 /* KCKittyDrinkCell.m */ = {isa = PBXFileReference; fileEncoding = 4; lastKnownFileType = sourcecode.c.objc; path = KCKittyDrinkCell.m; sourceTree = "<group>"; };
		F4B7215617F4E0D8008C9E36 /* KCKittyTableViewController.h */ = {isa = PBXFileReference; fileEncoding = 4; lastKnownFileType = sourcecode.c.h; path = KCKittyTableViewController.h; sourceTree = "<group>"; };
		F4B7215717F4E0D8008C9E36 /* KCKittyTableViewController.m */ = {isa = PBXFileReference; fileEncoding = 4; lastKnownFileType = sourcecode.c.objc; path = KCKittyTableViewController.m; sourceTree = "<group>"; };
/* End PBXFileReference section */

/* Begin PBXFrameworksBuildPhase section */
		F494D1D817F3692700B7F1CA /* Frameworks */ = {
			isa = PBXFrameworksBuildPhase;
			buildActionMask = 2147483647;
			files = (
				F48A671817F3781400E5C76F /* libiconv.dylib in Frameworks */,
				F48A671617F3780600E5C76F /* QuartzCore.framework in Frameworks */,
				F48A671417F377FE00E5C76F /* CoreVideo.framework in Frameworks */,
				F48A671217F377F600E5C76F /* CoreMedia.framework in Frameworks */,
				F48A671017F377ED00E5C76F /* AVFoundation.framework in Frameworks */,
				F494D1E117F3692700B7F1CA /* CoreGraphics.framework in Frameworks */,
				F494D1E317F3692700B7F1CA /* UIKit.framework in Frameworks */,
				F494D1DF17F3692700B7F1CA /* Foundation.framework in Frameworks */,
			);
			runOnlyForDeploymentPostprocessing = 0;
		};
		F494D1F917F3692700B7F1CA /* Frameworks */ = {
			isa = PBXFrameworksBuildPhase;
			buildActionMask = 2147483647;
			files = (
				F494D1FE17F3692700B7F1CA /* XCTest.framework in Frameworks */,
				F494D20017F3692700B7F1CA /* UIKit.framework in Frameworks */,
				F494D1FF17F3692700B7F1CA /* Foundation.framework in Frameworks */,
			);
			runOnlyForDeploymentPostprocessing = 0;
		};
/* End PBXFrameworksBuildPhase section */

/* Begin PBXGroup section */
		CA2772BD17F9AABF0021E507 /* Main */ = {
			isa = PBXGroup;
			children = (
				F494D1F317F3692700B7F1CA /* KCScanViewController.h */,
				F494D1F417F3692700B7F1CA /* KCScanViewController.m */,
				CA051B5A18035F4000EAF584 /* SessionManager.h */,
				CA051B5B18035F4000EAF584 /* SessionManager.m */,
			);
			name = Main;
			sourceTree = "<group>";
		};
		CA2772BE17F9AAC30021E507 /* Settings */ = {
			isa = PBXGroup;
			children = (
				F4B7215617F4E0D8008C9E36 /* KCKittyTableViewController.h */,
				F4B7215717F4E0D8008C9E36 /* KCKittyTableViewController.m */,
				F48A671C17F389C300E5C76F /* KCAddKittyViewController.h */,
				F48A671D17F389C300E5C76F /* KCAddKittyViewController.m */,
				F4A0CCDB17F5D1B000E8FB53 /* KCKittyUserTableViewController.h */,
				F4A0CCDC17F5D1B000E8FB53 /* KCKittyUserTableViewController.m */,
				F4A0CCF217F6252700E8FB53 /* KCKittyDrinkTableViewController.h */,
				F4A0CCF317F6252700E8FB53 /* KCKittyDrinkTableViewController.m */,
				CAA5E59A17F9D18D0071D08B /* KCKittyUserCell.h */,
				CAA5E59B17F9D18D0071D08B /* KCKittyUserCell.m */,
				F4A0CCF517F6258C00E8FB53 /* KCKittyDrinkCell.h */,
				F4A0CCF617F6258C00E8FB53 /* KCKittyDrinkCell.m */,
			);
			name = Settings;
			sourceTree = "<group>";
		};
		CA2772BF17F9ABFF0021E507 /* Datamodel */ = {
			isa = PBXGroup;
			children = (
				CA2772C017F9AC0E0021E507 /* KCKittyManager.h */,
				CA2772C117F9AC0E0021E507 /* KCKittyManager.m */,
			);
			name = Datamodel;
			sourceTree = "<group>";
		};
		CAB89C7418053AAE00C75632 /* AFNetworking */ = {
			isa = PBXGroup;
			children = (
				CAB89C7918053AF100C75632 /* AFHTTPRequestOperation.h */,
				CAB89C7A18053AF100C75632 /* AFHTTPRequestOperation.m */,
				CAB89C7B18053AF100C75632 /* AFHTTPRequestOperationManager.h */,
				CAB89C7C18053AF100C75632 /* AFHTTPRequestOperationManager.m */,
				CAB89C7D18053AF100C75632 /* AFHTTPSessionManager.h */,
				CAB89C7E18053AF100C75632 /* AFHTTPSessionManager.m */,
				CAB89C7F18053AF100C75632 /* AFNetworking.h */,
				CAB89C8018053AF100C75632 /* AFNetworkReachabilityManager.h */,
				CAB89C8118053AF100C75632 /* AFNetworkReachabilityManager.m */,
				CAB89C8218053AF100C75632 /* AFSecurityPolicy.h */,
				CAB89C8318053AF100C75632 /* AFSecurityPolicy.m */,
				CAB89C8418053AF100C75632 /* AFURLConnectionOperation.h */,
				CAB89C8518053AF100C75632 /* AFURLConnectionOperation.m */,
				CAB89C8618053AF100C75632 /* AFURLRequestSerialization.h */,
				CAB89C8718053AF100C75632 /* AFURLRequestSerialization.m */,
				CAB89C8818053AF100C75632 /* AFURLResponseSerialization.h */,
				CAB89C8918053AF100C75632 /* AFURLResponseSerialization.m */,
				CAB89C8A18053AF100C75632 /* AFURLSessionManager.h */,
				CAB89C8B18053AF100C75632 /* AFURLSessionManager.m */,
			);
			name = AFNetworking;
			sourceTree = "<group>";
		};
		CAB89C7518053AB500C75632 /* MBProgressHUD */ = {
			isa = PBXGroup;
			children = (
				CAB89C7618053AE400C75632 /* MBProgressHUD.h */,
				CAB89C7718053AE400C75632 /* MBProgressHUD.m */,
			);
			name = MBProgressHUD;
			sourceTree = "<group>";
		};
		F494D1D217F3692700B7F1CA = {
			isa = PBXGroup;
			children = (
				F494D1E417F3692700B7F1CA /* KittyClient */,
				F494D20317F3692700B7F1CA /* KittyClientTests */,
				F494D1DD17F3692700B7F1CA /* Frameworks */,
				F494D1DC17F3692700B7F1CA /* Products */,
			);
			sourceTree = "<group>";
		};
		F494D1DC17F3692700B7F1CA /* Products */ = {
			isa = PBXGroup;
			children = (
				F494D1DB17F3692700B7F1CA /* KittyClient.app */,
				F494D1FC17F3692700B7F1CA /* KittyClientTests.xctest */,
			);
			name = Products;
			sourceTree = "<group>";
		};
		F494D1DD17F3692700B7F1CA /* Frameworks */ = {
			isa = PBXGroup;
			children = (
				CAB89C7418053AAE00C75632 /* AFNetworking */,
				CAB89C7518053AB500C75632 /* MBProgressHUD */,
				F48A671717F3781300E5C76F /* libiconv.dylib */,
				F48A671517F3780600E5C76F /* QuartzCore.framework */,
				F48A671317F377FE00E5C76F /* CoreVideo.framework */,
				F48A671117F377F600E5C76F /* CoreMedia.framework */,
				F48A670F17F377ED00E5C76F /* AVFoundation.framework */,
				F494D1DE17F3692700B7F1CA /* Foundation.framework */,
				F494D1E017F3692700B7F1CA /* CoreGraphics.framework */,
				F494D1E217F3692700B7F1CA /* UIKit.framework */,
				F494D1FD17F3692700B7F1CA /* XCTest.framework */,
			);
			name = Frameworks;
			sourceTree = "<group>";
		};
		F494D1E417F3692700B7F1CA /* KittyClient */ = {
			isa = PBXGroup;
			children = (
				CA2772BD17F9AABF0021E507 /* Main */,
				CA2772BE17F9AAC30021E507 /* Settings */,
				CA2772BF17F9ABFF0021E507 /* Datamodel */,
				CABCD0B11805B610005E17AD /* Main.storyboard */,
				F494D1ED17F3692700B7F1CA /* KCAppDelegate.h */,
				F494D1EE17F3692700B7F1CA /* KCAppDelegate.m */,
				F494D1F617F3692700B7F1CA /* Images.xcassets */,
				F494D1E517F3692700B7F1CA /* Supporting Files */,
			);
			path = KittyClient;
			sourceTree = "<group>";
		};
		F494D1E517F3692700B7F1CA /* Supporting Files */ = {
			isa = PBXGroup;
			children = (
				F494D1E617F3692700B7F1CA /* KittyClient-Info.plist */,
				F494D1EA17F3692700B7F1CA /* main.m */,
				F494D1EC17F3692700B7F1CA /* KittyClient-Prefix.pch */,
			);
			name = "Supporting Files";
			sourceTree = "<group>";
		};
		F494D20317F3692700B7F1CA /* KittyClientTests */ = {
			isa = PBXGroup;
			children = (
				F494D20917F3692700B7F1CA /* KittyClientTests.m */,
				F494D20417F3692700B7F1CA /* Supporting Files */,
			);
			path = KittyClientTests;
			sourceTree = "<group>";
		};
		F494D20417F3692700B7F1CA /* Supporting Files */ = {
			isa = PBXGroup;
			children = (
				F494D20517F3692700B7F1CA /* KittyClientTests-Info.plist */,
			);
			name = "Supporting Files";
			sourceTree = "<group>";
		};
/* End PBXGroup section */

/* Begin PBXNativeTarget section */
		F494D1DA17F3692700B7F1CA /* KittyClient */ = {
			isa = PBXNativeTarget;
			buildConfigurationList = F494D20D17F3692700B7F1CA /* Build configuration list for PBXNativeTarget "KittyClient" */;
			buildPhases = (
				F494D1D717F3692700B7F1CA /* Sources */,
				F494D1D817F3692700B7F1CA /* Frameworks */,
				F494D1D917F3692700B7F1CA /* Resources */,
			);
			buildRules = (
			);
			dependencies = (
			);
			name = KittyClient;
			productName = KittyClient;
			productReference = F494D1DB17F3692700B7F1CA /* KittyClient.app */;
			productType = "com.apple.product-type.application";
		};
		F494D1FB17F3692700B7F1CA /* KittyClientTests */ = {
			isa = PBXNativeTarget;
			buildConfigurationList = F494D21017F3692700B7F1CA /* Build configuration list for PBXNativeTarget "KittyClientTests" */;
			buildPhases = (
				F494D1F817F3692700B7F1CA /* Sources */,
				F494D1F917F3692700B7F1CA /* Frameworks */,
				F494D1FA17F3692700B7F1CA /* Resources */,
			);
			buildRules = (
			);
			dependencies = (
				F494D20217F3692700B7F1CA /* PBXTargetDependency */,
			);
			name = KittyClientTests;
			productName = KittyClientTests;
			productReference = F494D1FC17F3692700B7F1CA /* KittyClientTests.xctest */;
			productType = "com.apple.product-type.bundle.unit-test";
		};
/* End PBXNativeTarget section */

/* Begin PBXProject section */
		F494D1D317F3692700B7F1CA /* Project object */ = {
			isa = PBXProject;
			attributes = {
				CLASSPREFIX = KC;
				LastUpgradeCheck = 0500;
				ORGANIZATIONNAME = "Simon Jakubowski";
				TargetAttributes = {
					F494D1DA17F3692700B7F1CA = {
						DevelopmentTeam = 8YAZYUUSD3;
					};
					F494D1FB17F3692700B7F1CA = {
						TestTargetID = F494D1DA17F3692700B7F1CA;
					};
				};
			};
			buildConfigurationList = F494D1D617F3692700B7F1CA /* Build configuration list for PBXProject "KittyClient" */;
			compatibilityVersion = "Xcode 3.2";
			developmentRegion = English;
			hasScannedForEncodings = 0;
			knownRegions = (
				en,
				Base,
				de,
			);
			mainGroup = F494D1D217F3692700B7F1CA;
			productRefGroup = F494D1DC17F3692700B7F1CA /* Products */;
			projectDirPath = "";
			projectRoot = "";
			targets = (
				F494D1DA17F3692700B7F1CA /* KittyClient */,
				F494D1FB17F3692700B7F1CA /* KittyClientTests */,
			);
		};
/* End PBXProject section */

/* Begin PBXResourcesBuildPhase section */
		F494D1D917F3692700B7F1CA /* Resources */ = {
			isa = PBXResourcesBuildPhase;
			buildActionMask = 2147483647;
			files = (
				F494D1F717F3692700B7F1CA /* Images.xcassets in Resources */,
				CABCD0B31805B610005E17AD /* Main.storyboard in Resources */,
			);
			runOnlyForDeploymentPostprocessing = 0;
		};
		F494D1FA17F3692700B7F1CA /* Resources */ = {
			isa = PBXResourcesBuildPhase;
			buildActionMask = 2147483647;
			files = (
			);
			runOnlyForDeploymentPostprocessing = 0;
		};
/* End PBXResourcesBuildPhase section */

/* Begin PBXSourcesBuildPhase section */
		F494D1D717F3692700B7F1CA /* Sources */ = {
			isa = PBXSourcesBuildPhase;
			buildActionMask = 2147483647;
			files = (
				CAB89C8C18053AF100C75632 /* AFHTTPRequestOperation.m in Sources */,
				F48A671E17F389C300E5C76F /* KCAddKittyViewController.m in Sources */,
				CAA5E59C17F9D18D0071D08B /* KCKittyUserCell.m in Sources */,
				CAB89C9418053AF100C75632 /* AFURLSessionManager.m in Sources */,
				F4A0CCF717F6258C00E8FB53 /* KCKittyDrinkCell.m in Sources */,
				CAB89C9118053AF100C75632 /* AFURLConnectionOperation.m in Sources */,
				CAB89C8D18053AF100C75632 /* AFHTTPRequestOperationManager.m in Sources */,
				F4B7215817F4E0D8008C9E36 /* KCKittyTableViewController.m in Sources */,
				CAB89C8F18053AF100C75632 /* AFNetworkReachabilityManager.m in Sources */,
				F494D1F517F3692700B7F1CA /* KCScanViewController.m in Sources */,
				F4A0CCF417F6252700E8FB53 /* KCKittyDrinkTableViewController.m in Sources */,
				CAB89C9018053AF100C75632 /* AFSecurityPolicy.m in Sources */,
				CA051B5C18035F4000EAF584 /* SessionManager.m in Sources */,
				CAB89C9218053AF100C75632 /* AFURLRequestSerialization.m in Sources */,
				CAB89C7818053AE400C75632 /* MBProgressHUD.m in Sources */,
				CAB89C9318053AF100C75632 /* AFURLResponseSerialization.m in Sources */,
				F494D1EF17F3692700B7F1CA /* KCAppDelegate.m in Sources */,
				F4A0CCDD17F5D1B000E8FB53 /* KCKittyUserTableViewController.m in Sources */,
				CAB89C8E18053AF100C75632 /* AFHTTPSessionManager.m in Sources */,
				F494D1EB17F3692700B7F1CA /* main.m in Sources */,
				CA2772C217F9AC0E0021E507 /* KCKittyManager.m in Sources */,
			);
			runOnlyForDeploymentPostprocessing = 0;
		};
		F494D1F817F3692700B7F1CA /* Sources */ = {
			isa = PBXSourcesBuildPhase;
			buildActionMask = 2147483647;
			files = (
				F494D20A17F3692700B7F1CA /* KittyClientTests.m in Sources */,
			);
			runOnlyForDeploymentPostprocessing = 0;
		};
/* End PBXSourcesBuildPhase section */

/* Begin PBXTargetDependency section */
		F494D20217F3692700B7F1CA /* PBXTargetDependency */ = {
			isa = PBXTargetDependency;
			target = F494D1DA17F3692700B7F1CA /* KittyClient */;
			targetProxy = F494D20117F3692700B7F1CA /* PBXContainerItemProxy */;
		};
/* End PBXTargetDependency section */

/* Begin PBXVariantGroup section */
		CABCD0B11805B610005E17AD /* Main.storyboard */ = {
			isa = PBXVariantGroup;
			children = (
				CA74265B1805B6700099ABC5 /* de */,
			);
			name = Main.storyboard;
			sourceTree = "<group>";
		};
/* End PBXVariantGroup section */

/* Begin XCBuildConfiguration section */
		F494D20B17F3692700B7F1CA /* Debug */ = {
			isa = XCBuildConfiguration;
			buildSettings = {
				ALWAYS_SEARCH_USER_PATHS = NO;
				ARCHS = "$(ARCHS_STANDARD_INCLUDING_64_BIT)";
				CLANG_CXX_LANGUAGE_STANDARD = "gnu++0x";
				CLANG_CXX_LIBRARY = "libc++";
				CLANG_ENABLE_MODULES = YES;
				CLANG_ENABLE_OBJC_ARC = YES;
				CLANG_WARN_BOOL_CONVERSION = YES;
				CLANG_WARN_CONSTANT_CONVERSION = YES;
				CLANG_WARN_DIRECT_OBJC_ISA_USAGE = YES_ERROR;
				CLANG_WARN_EMPTY_BODY = YES;
				CLANG_WARN_ENUM_CONVERSION = YES;
				CLANG_WARN_INT_CONVERSION = YES;
				CLANG_WARN_OBJC_ROOT_CLASS = YES_ERROR;
				CLANG_WARN__DUPLICATE_METHOD_MATCH = YES;
				"CODE_SIGN_IDENTITY[sdk=iphoneos*]" = "iPhone Developer";
				COPY_PHASE_STRIP = NO;
				GCC_C_LANGUAGE_STANDARD = gnu99;
				GCC_DYNAMIC_NO_PIC = NO;
				GCC_OPTIMIZATION_LEVEL = 0;
				GCC_PREPROCESSOR_DEFINITIONS = (
					"DEBUG=1",
					"$(inherited)",
				);
				GCC_SYMBOLS_PRIVATE_EXTERN = NO;
				GCC_WARN_64_TO_32_BIT_CONVERSION = YES;
				GCC_WARN_ABOUT_RETURN_TYPE = YES_ERROR;
				GCC_WARN_UNDECLARED_SELECTOR = YES;
				GCC_WARN_UNINITIALIZED_AUTOS = YES;
				GCC_WARN_UNUSED_FUNCTION = YES;
				GCC_WARN_UNUSED_VARIABLE = YES;
				IPHONEOS_DEPLOYMENT_TARGET = 7.0;
				ONLY_ACTIVE_ARCH = YES;
				SDKROOT = iphoneos;
			};
			name = Debug;
		};
		F494D20C17F3692700B7F1CA /* Release */ = {
			isa = XCBuildConfiguration;
			buildSettings = {
				ALWAYS_SEARCH_USER_PATHS = NO;
				ARCHS = "$(ARCHS_STANDARD_INCLUDING_64_BIT)";
				CLANG_CXX_LANGUAGE_STANDARD = "gnu++0x";
				CLANG_CXX_LIBRARY = "libc++";
				CLANG_ENABLE_MODULES = YES;
				CLANG_ENABLE_OBJC_ARC = YES;
				CLANG_WARN_BOOL_CONVERSION = YES;
				CLANG_WARN_CONSTANT_CONVERSION = YES;
				CLANG_WARN_DIRECT_OBJC_ISA_USAGE = YES_ERROR;
				CLANG_WARN_EMPTY_BODY = YES;
				CLANG_WARN_ENUM_CONVERSION = YES;
				CLANG_WARN_INT_CONVERSION = YES;
				CLANG_WARN_OBJC_ROOT_CLASS = YES_ERROR;
				CLANG_WARN__DUPLICATE_METHOD_MATCH = YES;
				"CODE_SIGN_IDENTITY[sdk=iphoneos*]" = "iPhone Developer";
				COPY_PHASE_STRIP = YES;
				ENABLE_NS_ASSERTIONS = NO;
				GCC_C_LANGUAGE_STANDARD = gnu99;
				GCC_WARN_64_TO_32_BIT_CONVERSION = YES;
				GCC_WARN_ABOUT_RETURN_TYPE = YES_ERROR;
				GCC_WARN_UNDECLARED_SELECTOR = YES;
				GCC_WARN_UNINITIALIZED_AUTOS = YES;
				GCC_WARN_UNUSED_FUNCTION = YES;
				GCC_WARN_UNUSED_VARIABLE = YES;
				IPHONEOS_DEPLOYMENT_TARGET = 7.0;
				SDKROOT = iphoneos;
				VALIDATE_PRODUCT = YES;
			};
			name = Release;
		};
		F494D20E17F3692700B7F1CA /* Debug */ = {
			isa = XCBuildConfiguration;
			buildSettings = {
				ASSETCATALOG_COMPILER_APPICON_NAME = AppIcon;
				ASSETCATALOG_COMPILER_LAUNCHIMAGE_NAME = LaunchImage;
				CODE_SIGN_IDENTITY = "iPhone Developer";
				GCC_PRECOMPILE_PREFIX_HEADER = YES;
				GCC_PREFIX_HEADER = "KittyClient/KittyClient-Prefix.pch";
				INFOPLIST_FILE = "KittyClient/KittyClient-Info.plist";
				LIBRARY_SEARCH_PATHS = "$(inherited)";
				PRODUCT_NAME = "$(TARGET_NAME)";
				WRAPPER_EXTENSION = app;
			};
			name = Debug;
		};
		F494D20F17F3692700B7F1CA /* Release */ = {
			isa = XCBuildConfiguration;
			buildSettings = {
				ASSETCATALOG_COMPILER_APPICON_NAME = AppIcon;
				ASSETCATALOG_COMPILER_LAUNCHIMAGE_NAME = LaunchImage;
				CODE_SIGN_IDENTITY = "iPhone Developer";
				GCC_PRECOMPILE_PREFIX_HEADER = YES;
				GCC_PREFIX_HEADER = "KittyClient/KittyClient-Prefix.pch";
				INFOPLIST_FILE = "KittyClient/KittyClient-Info.plist";
				LIBRARY_SEARCH_PATHS = "$(inherited)";
				PRODUCT_NAME = "$(TARGET_NAME)";
				WRAPPER_EXTENSION = app;
			};
			name = Release;
		};
		F494D21117F3692700B7F1CA /* Debug */ = {
			isa = XCBuildConfiguration;
			buildSettings = {
				ARCHS = "$(ARCHS_STANDARD_INCLUDING_64_BIT)";
				BUNDLE_LOADER = "$(BUILT_PRODUCTS_DIR)/KittyClient.app/KittyClient";
				FRAMEWORK_SEARCH_PATHS = (
					"$(SDKROOT)/Developer/Library/Frameworks",
					"$(inherited)",
					"$(DEVELOPER_FRAMEWORKS_DIR)",
				);
				GCC_PRECOMPILE_PREFIX_HEADER = YES;
				GCC_PREFIX_HEADER = "KittyClient/KittyClient-Prefix.pch";
				GCC_PREPROCESSOR_DEFINITIONS = (
					"DEBUG=1",
					"$(inherited)",
				);
				INFOPLIST_FILE = "KittyClientTests/KittyClientTests-Info.plist";
				PRODUCT_NAME = "$(TARGET_NAME)";
				TEST_HOST = "$(BUNDLE_LOADER)";
				WRAPPER_EXTENSION = xctest;
			};
			name = Debug;
		};
		F494D21217F3692700B7F1CA /* Release */ = {
			isa = XCBuildConfiguration;
			buildSettings = {
				ARCHS = "$(ARCHS_STANDARD_INCLUDING_64_BIT)";
				BUNDLE_LOADER = "$(BUILT_PRODUCTS_DIR)/KittyClient.app/KittyClient";
				FRAMEWORK_SEARCH_PATHS = (
					"$(SDKROOT)/Developer/Library/Frameworks",
					"$(inherited)",
					"$(DEVELOPER_FRAMEWORKS_DIR)",
				);
				GCC_PRECOMPILE_PREFIX_HEADER = YES;
				GCC_PREFIX_HEADER = "KittyClient/KittyClient-Prefix.pch";
				INFOPLIST_FILE = "KittyClientTests/KittyClientTests-Info.plist";
				PRODUCT_NAME = "$(TARGET_NAME)";
				TEST_HOST = "$(BUNDLE_LOADER)";
				WRAPPER_EXTENSION = xctest;
			};
			name = Release;
		};
/* End XCBuildConfiguration section */

/* Begin XCConfigurationList section */
		F494D1D617F3692700B7F1CA /* Build configuration list for PBXProject "KittyClient" */ = {
			isa = XCConfigurationList;
			buildConfigurations = (
				F494D20B17F3692700B7F1CA /* Debug */,
				F494D20C17F3692700B7F1CA /* Release */,
			);
			defaultConfigurationIsVisible = 0;
			defaultConfigurationName = Release;
		};
		F494D20D17F3692700B7F1CA /* Build configuration list for PBXNativeTarget "KittyClient" */ = {
			isa = XCConfigurationList;
			buildConfigurations = (
				F494D20E17F3692700B7F1CA /* Debug */,
				F494D20F17F3692700B7F1CA /* Release */,
			);
			defaultConfigurationIsVisible = 0;
			defaultConfigurationName = Release;
		};
		F494D21017F3692700B7F1CA /* Build configuration list for PBXNativeTarget "KittyClientTests" */ = {
			isa = XCConfigurationList;
			buildConfigurations = (
				F494D21117F3692700B7F1CA /* Debug */,
				F494D21217F3692700B7F1CA /* Release */,
			);
			defaultConfigurationIsVisible = 0;
			defaultConfigurationName = Release;
		};
/* End XCConfigurationList section */
	};
	rootObject = F494D1D317F3692700B7F1CA /* Project object */;
}
